
Microsoft Visual Studio Solution File, Format Version 12.00
# Visual Studio 15
VisualStudioVersion = 15.0.28307.1525
MinimumVisualStudioVersion = 10.0.40219.1
Project("{FAE04EC0-301F-11D3-BF4B-00C04F79EFBC}") = "FireBase connect", "FireBase connect\FireBase connect.csproj", "{099C7D9D-919F-4A70-B2AA-511E66BE86F5}"
EndProject
Global
	GlobalSection(SolutionConfigurationPlatforms) = preSolution
		Debug|Any CPU = Debug|Any CPU
		Release|Any CPU = Release|Any CPU
	EndGlobalSection
	GlobalSection(ProjectConfigurationPlatforms) = postSolution
		{099C7D9D-919F-4A70-B2AA-511E66BE86F5}.Debug|Any CPU.ActiveCfg = Debug|Any CPU
		{099C7D9D-919F-4A70-B2AA-511E66BE86F5}.Debug|Any CPU.Build.0 = Debug|Any CPU
		{099C7D9D-919F-4A70-B2AA-511E66BE86F5}.Release|Any CPU.ActiveCfg = Release|Any CPU
		{099C7D9D-919F-4A70-B2AA-511E66BE86F5}.Release|Any CPU.Build.0 = Release|Any CPU
	EndGlobalSection
	GlobalSection(SolutionProperties) = preSolution
		HideSolutionNode = FALSE
	EndGlobalSection
	GlobalSection(ExtensibilityGlobals) = postSolution
		SolutionGuid = {F6B5D906-534F-4A46-8060-713F9547FC0C}
	EndGlobalSection
EndGlobal
